
Microsoft Visual Studio Solution File, Format Version 12.00
# Visual Studio Version 17
VisualStudioVersion = 17.3.32929.385
MinimumVisualStudioVersion = 10.0.40219.1
Project("{FAE04EC0-301F-11D3-BF4B-00C04F79EFBC}") = "Login", "Login\Login.csproj", "{39DA1E2E-C8E3-44D0-8556-DECCC98BD6BD}"
EndProject
Global
	GlobalSection(SolutionConfigurationPlatforms) = preSolution
		Debug|Any CPU = Debug|Any CPU
		Release|Any CPU = Release|Any CPU
	EndGlobalSection
	GlobalSection(ProjectConfigurationPlatforms) = postSolution
		{39DA1E2E-C8E3-44D0-8556-DECCC98BD6BD}.Debug|Any CPU.ActiveCfg = Debug|Any CPU
		{39DA1E2E-C8E3-44D0-8556-DECCC98BD6BD}.Debug|Any CPU.Build.0 = Debug|Any CPU
		{39DA1E2E-C8E3-44D0-8556-DECCC98BD6BD}.Release|Any CPU.ActiveCfg = Release|Any CPU
		{39DA1E2E-C8E3-44D0-8556-DECCC98BD6BD}.Release|Any CPU.Build.0 = Release|Any CPU
	EndGlobalSection
	GlobalSection(SolutionProperties) = preSolution
		HideSolutionNode = FALSE
	EndGlobalSection
	GlobalSection(ExtensibilityGlobals) = postSolution
		SolutionGuid = {589C580E-F339-48EA-AB92-765D9116A234}
	EndGlobalSection
EndGlobal
